
Microsoft Visual Studio Solution File, Format Version 12.00
# Visual Studio Version 17
VisualStudioVersion = 17.7.34221.43
MinimumVisualStudioVersion = 10.0.40219.1
Project("{9A19103F-16F7-4668-BE54-9A1E7A4F7556}") = "API", "API\API.csproj", "{66CC7A03-BF6A-4C90-B2E0-3881311BFD64}"
EndProject
Project("{9A19103F-16F7-4668-BE54-9A1E7A4F7556}") = "Data", "Data\Data.csproj", "{E0D1703F-3DAF-4018-B691-789FC6EA959B}"
EndProject
Project("{9A19103F-16F7-4668-BE54-9A1E7A4F7556}") = "Model", "Model\Model.csproj", "{10AE070B-3B77-47FC-8720-D4B5BBF9ED0E}"
EndProject
Project("{FAE04EC0-301F-11D3-BF4B-00C04F79EFBC}") = "Utilidades", "Utilidades\Utilidades.csproj", "{50032642-DD62-49C0-9ADC-1833C8220E01}"
EndProject
Project("{FAE04EC0-301F-11D3-BF4B-00C04F79EFBC}") = "BLL", "BLL\BLL.csproj", "{1F4F3EA8-CCB4-4232-81B1-09B68A734E78}"
EndProject
Global
	GlobalSection(SolutionConfigurationPlatforms) = preSolution
		Debug|Any CPU = Debug|Any CPU
		Release|Any CPU = Release|Any CPU
	EndGlobalSection
	GlobalSection(ProjectConfigurationPlatforms) = postSolution
		{66CC7A03-BF6A-4C90-B2E0-3881311BFD64}.Debug|Any CPU.ActiveCfg = Debug|Any CPU
		{66CC7A03-BF6A-4C90-B2E0-3881311BFD64}.Debug|Any CPU.Build.0 = Debug|Any CPU
		{66CC7A03-BF6A-4C90-B2E0-3881311BFD64}.Release|Any CPU.ActiveCfg = Release|Any CPU
		{66CC7A03-BF6A-4C90-B2E0-3881311BFD64}.Release|Any CPU.Build.0 = Release|Any CPU
		{E0D1703F-3DAF-4018-B691-789FC6EA959B}.Debug|Any CPU.ActiveCfg = Debug|Any CPU
		{E0D1703F-3DAF-4018-B691-789FC6EA959B}.Debug|Any CPU.Build.0 = Debug|Any CPU
		{E0D1703F-3DAF-4018-B691-789FC6EA959B}.Release|Any CPU.ActiveCfg = Release|Any CPU
		{E0D1703F-3DAF-4018-B691-789FC6EA959B}.Release|Any CPU.Build.0 = Release|Any CPU
		{10AE070B-3B77-47FC-8720-D4B5BBF9ED0E}.Debug|Any CPU.ActiveCfg = Debug|Any CPU
		{10AE070B-3B77-47FC-8720-D4B5BBF9ED0E}.Debug|Any CPU.Build.0 = Debug|Any CPU
		{10AE070B-3B77-47FC-8720-D4B5BBF9ED0E}.Release|Any CPU.ActiveCfg = Release|Any CPU
		{10AE070B-3B77-47FC-8720-D4B5BBF9ED0E}.Release|Any CPU.Build.0 = Release|Any CPU
		{50032642-DD62-49C0-9ADC-1833C8220E01}.Debug|Any CPU.ActiveCfg = Debug|Any CPU
		{50032642-DD62-49C0-9ADC-1833C8220E01}.Debug|Any CPU.Build.0 = Debug|Any CPU
		{50032642-DD62-49C0-9ADC-1833C8220E01}.Release|Any CPU.ActiveCfg = Release|Any CPU
		{50032642-DD62-49C0-9ADC-1833C8220E01}.Release|Any CPU.Build.0 = Release|Any CPU
		{1F4F3EA8-CCB4-4232-81B1-09B68A734E78}.Debug|Any CPU.ActiveCfg = Debug|Any CPU
		{1F4F3EA8-CCB4-4232-81B1-09B68A734E78}.Debug|Any CPU.Build.0 = Debug|Any CPU
		{1F4F3EA8-CCB4-4232-81B1-09B68A734E78}.Release|Any CPU.ActiveCfg = Release|Any CPU
		{1F4F3EA8-CCB4-4232-81B1-09B68A734E78}.Release|Any CPU.Build.0 = Release|Any CPU
	EndGlobalSection
	GlobalSection(SolutionProperties) = preSolution
		HideSolutionNode = FALSE
	EndGlobalSection
	GlobalSection(ExtensibilityGlobals) = postSolution
		SolutionGuid = {EFBEB7B1-9837-4603-9098-0152290C6A35}
	EndGlobalSection
EndGlobal
